<?xml version="1.0" encoding="utf-8"?>
<Project ToolsVersion="17.0" xmlns="http://schemas.microsoft.com/developer/msbuild/2003">
  <ItemGroup>
    <ClCompile Include="C:\Users\anatu\OneDrive - Universitatea Politehnica Bucuresti\Desktop\beat_the_bomb_project\bomb_game\bomb_game.c">
      <Filter>Source Files</Filter>
    </ClCompile>
  </ItemGroup>
  <ItemGroup>
    <CustomBuild Include="C:\Users\anatu\OneDrive - Universitatea Politehnica Bucuresti\Desktop\beat_the_bomb_project\CMakeLists.txt" />
  </ItemGroup>
  <ItemGroup>
    <Filter Include="Source Files">
      <UniqueIdentifier>{B9302A62-9FDE-3A21-81AA-57573F6A3762}</UniqueIdentifier>
    </Filter>
  </ItemGroup>
</Project>
