
Microsoft Visual Studio Solution File, Format Version 12.00
# Visual Studio Version 17
Project("{8BC9CEB8-8B4A-11D0-8D11-00A0C91BC942}") = "ALL_BUILD", "ALL_BUILD.vcxproj", "{0092DD3A-1F6E-3BFB-B02C-6F38F09B8917}"
	ProjectSection(ProjectDependencies) = postProject
		{F6AE2BD8-F3AA-36F2-9F2D-C8717A952507} = {F6AE2BD8-F3AA-36F2-9F2D-C8717A952507}
		{B7BFD5F2-7442-368C-A915-2263B4A83B9C} = {B7BFD5F2-7442-368C-A915-2263B4A83B9C}
	EndProjectSection
EndProject
Project("{8BC9CEB8-8B4A-11D0-8D11-00A0C91BC942}") = "ZERO_CHECK", "ZERO_CHECK.vcxproj", "{F6AE2BD8-F3AA-36F2-9F2D-C8717A952507}"
	ProjectSection(ProjectDependencies) = postProject
	EndProjectSection
EndProject
Project("{8BC9CEB8-8B4A-11D0-8D11-00A0C91BC942}") = "bomb_game", "bomb_game.vcxproj", "{B7BFD5F2-7442-368C-A915-2263B4A83B9C}"
	ProjectSection(ProjectDependencies) = postProject
		{F6AE2BD8-F3AA-36F2-9F2D-C8717A952507} = {F6AE2BD8-F3AA-36F2-9F2D-C8717A952507}
	EndProjectSection
EndProject
Global
	GlobalSection(SolutionConfigurationPlatforms) = preSolution
		Debug|x64 = Debug|x64
		Release|x64 = Release|x64
		MinSizeRel|x64 = MinSizeRel|x64
		RelWithDebInfo|x64 = RelWithDebInfo|x64
	EndGlobalSection
	GlobalSection(ProjectConfigurationPlatforms) = postSolution
		{0092DD3A-1F6E-3BFB-B02C-6F38F09B8917}.Debug|x64.ActiveCfg = Debug|x64
		{0092DD3A-1F6E-3BFB-B02C-6F38F09B8917}.Release|x64.ActiveCfg = Release|x64
		{0092DD3A-1F6E-3BFB-B02C-6F38F09B8917}.MinSizeRel|x64.ActiveCfg = MinSizeRel|x64
		{0092DD3A-1F6E-3BFB-B02C-6F38F09B8917}.RelWithDebInfo|x64.ActiveCfg = RelWithDebInfo|x64
		{F6AE2BD8-F3AA-36F2-9F2D-C8717A952507}.Debug|x64.ActiveCfg = Debug|x64
		{F6AE2BD8-F3AA-36F2-9F2D-C8717A952507}.Debug|x64.Build.0 = Debug|x64
		{F6AE2BD8-F3AA-36F2-9F2D-C8717A952507}.Release|x64.ActiveCfg = Release|x64
		{F6AE2BD8-F3AA-36F2-9F2D-C8717A952507}.Release|x64.Build.0 = Release|x64
		{F6AE2BD8-F3AA-36F2-9F2D-C8717A952507}.MinSizeRel|x64.ActiveCfg = MinSizeRel|x64
		{F6AE2BD8-F3AA-36F2-9F2D-C8717A952507}.MinSizeRel|x64.Build.0 = MinSizeRel|x64
		{F6AE2BD8-F3AA-36F2-9F2D-C8717A952507}.RelWithDebInfo|x64.ActiveCfg = RelWithDebInfo|x64
		{F6AE2BD8-F3AA-36F2-9F2D-C8717A952507}.RelWithDebInfo|x64.Build.0 = RelWithDebInfo|x64
		{B7BFD5F2-7442-368C-A915-2263B4A83B9C}.Debug|x64.ActiveCfg = Debug|x64
		{B7BFD5F2-7442-368C-A915-2263B4A83B9C}.Debug|x64.Build.0 = Debug|x64
		{B7BFD5F2-7442-368C-A915-2263B4A83B9C}.Release|x64.ActiveCfg = Release|x64
		{B7BFD5F2-7442-368C-A915-2263B4A83B9C}.Release|x64.Build.0 = Release|x64
		{B7BFD5F2-7442-368C-A915-2263B4A83B9C}.MinSizeRel|x64.ActiveCfg = MinSizeRel|x64
		{B7BFD5F2-7442-368C-A915-2263B4A83B9C}.MinSizeRel|x64.Build.0 = MinSizeRel|x64
		{B7BFD5F2-7442-368C-A915-2263B4A83B9C}.RelWithDebInfo|x64.ActiveCfg = RelWithDebInfo|x64
		{B7BFD5F2-7442-368C-A915-2263B4A83B9C}.RelWithDebInfo|x64.Build.0 = RelWithDebInfo|x64
	EndGlobalSection
	GlobalSection(ExtensibilityGlobals) = postSolution
		SolutionGuid = {3039EB11-076E-387D-999A-3A3E854D3C47}
	EndGlobalSection
	GlobalSection(ExtensibilityAddIns) = postSolution
	EndGlobalSection
EndGlobal
